
Microsoft Visual Studio Solution File, Format Version 12.00
# Visual Studio Version 16
VisualStudioVersion = 16.0.31313.79
MinimumVisualStudioVersion = 10.0.40219.1
Project("{FAE04EC0-301F-11D3-BF4B-00C04F79EFBC}") = "JsonInventory", "JsonInventory.csproj", "{D6C51D3E-9993-4C5C-9C59-1D4C8D79800B}"
EndProject
Global
	GlobalSection(SolutionConfigurationPlatforms) = preSolution
		Debug|Any CPU = Debug|Any CPU
		Release|Any CPU = Release|Any CPU
	EndGlobalSection
	GlobalSection(ProjectConfigurationPlatforms) = postSolution
		{D6C51D3E-9993-4C5C-9C59-1D4C8D79800B}.Debug|Any CPU.ActiveCfg = Debug|Any CPU
		{D6C51D3E-9993-4C5C-9C59-1D4C8D79800B}.Debug|Any CPU.Build.0 = Debug|Any CPU
		{D6C51D3E-9993-4C5C-9C59-1D4C8D79800B}.Release|Any CPU.ActiveCfg = Release|Any CPU
		{D6C51D3E-9993-4C5C-9C59-1D4C8D79800B}.Release|Any CPU.Build.0 = Release|Any CPU
	EndGlobalSection
	GlobalSection(SolutionProperties) = preSolution
		HideSolutionNode = FALSE
	EndGlobalSection
	GlobalSection(ExtensibilityGlobals) = postSolution
		SolutionGuid = {80467A58-1995-4243-A12D-5A7265254C62}
	EndGlobalSection
EndGlobal
